{
    "name": "cn.isjs.www",
    "version": "1.0.0",
    "lockfileVersion": 1,
    "requires": true,
    "dependencies": {
        "cordova-plugin-camera": {
            "version": "4.1.0",
            "resolved": "https://registry.npm.taobao.org/cordova-plugin-camera/download/cordova-plugin-camera-4.1.0.tgz",
            "integrity": "sha1-ZHSj4IDEZiqgD9dCVwXTAcaT3cA="
        },
        "cordova-plugin-contacts": {
            "version": "3.0.1",
            "resolved": "https://registry.npm.taobao.org/cordova-plugin-contacts/download/cordova-plugin-contacts-3.0.1.tgz",
            "integrity": "sha1-N6ravsk8mCwEo9zaDk8c+glqhKs="
        },
        "cordova-plugin-splashscreen": {
            "version": "5.0.3",
            "resolved": "https://registry.npm.taobao.org/cordova-plugin-splashscreen/download/cordova-plugin-splashscreen-5.0.3.tgz",
            "integrity": "sha1-AoIEcnccPhC0PO7dVLCh5GdO+m0="
        },
        "cordova-plugin-statusbar": {
            "version": "2.4.3",
            "resolved": "https://registry.npm.taobao.org/cordova-plugin-statusbar/download/cordova-plugin-statusbar-2.4.3.tgz",
            "integrity": "sha1-zFV672bCdITg9/BFAEBA0DMh+C0="
        },
        "cordova-plugin-whitelist": {
            "version": "1.3.4",
            "resolved": "https://registry.npm.taobao.org/cordova-plugin-whitelist/download/cordova-plugin-whitelist-1.3.4.tgz",
            "integrity": "sha1-MZOFRcfD5941wgqwjCw6+gboo/k=",
            "dev": true
        }
    }
}
